{
  "name": "@bit/maxthemillion.d3charts.c-wrapper",
  "version": "0.1.3",
  "lockfileVersion": 1,
  "requires": true,
  "dependencies": {
    "@bit/maxthemillion.d3charts.styles": {
      "version": "0.0.4",
      "resolved": "https://node.bit.dev/maxthemillion.d3charts.styles/-/maxthemillion.d3charts.styles-0.0.4.tgz",
      "integrity": "sha1-trL7/YiYBv9rt3MSG6RUVfsKjos="
    }
  }
}
